# This file is automatically @generated by Cargo.
# It is not intended for manual editing.
version = 4

[[package]]
name = "cfg-if"
version = "1.0.4"
source = "registry+https://github.com/rust-lang/crates.io-index"
checksum = "9330f8b2ff13f34540b44e946ef35111825727b38d33286ef986142615121801"

[[package]]
name = "chacha20"
version = "0.10.2"
source = "registry+https://github.com/rust-lang/crates.io-index"
checksum = "65c35e4b699c7e15ccbe7ee35c005e4fc0a278d22238a2857e6ce2dadeda1b06"
dependencies = [
 "cfg-if",
 "cpufeatures",
 "rand_core",
]

[[package]]
name = "cpufeatures"
version = "0.3.1"
source = "registry+https://github.com/rust-lang/crates.io-index"
checksum = "5ca28b0ae3115b884660db4118d803791fd6756b6e88f39c0f3f7859060d7566"
dependencies = [
 "libc",
]

[[package]]
name = "exclusive_cell"
version = "0.1.0"
source = "registry+https://github.com/rust-lang/crates.io-index"
checksum = "d5b9e9908e50b47ebbc3d6fd66ed295b997c270e8d2312a035bcc62722a160ef"

[[package]]
name = "generic_once_cell"
version = "0.1.2"
source = "registry+https://github.com/rust-lang/crates.io-index"
checksum = "2c68077b018781ddfbc95f9d333ddacd1c8c1da4f331407c5cecc63f53733eab"
dependencies = [
 "lock_api",
]

[[package]]
name = "getrandom"
version = "0.4.3"
source = "registry+https://github.com/rust-lang/crates.io-index"
checksum = "300e883d756b2e4ec94e02791f39b04b522276138852cfc41d9fb7e904106099"
dependencies = [
 "cfg-if",
 "libc",
 "r-efi",
 "rand_core",
]

[[package]]
name = "hermit-sync"
version = "0.1.6"
dependencies = [
 "exclusive_cell",
 "generic_once_cell",
 "interrupt-mutex",
 "interrupts",
 "lock_api",
 "one-shot-mutex",
 "rand",
 "spinning_top",
]

[[package]]
name = "interrupt-mutex"
version = "0.2.0"
source = "registry+https://github.com/rust-lang/crates.io-index"
checksum = "23f5f7b1e09352d9fcac00d7df71b8414a8b827e30d4fcf2d7a653fc34db7528"
dependencies = [
 "interrupts",
 "lock_api",
]

[[package]]
name = "interrupts"
version = "0.2.0"
source = "registry+https://github.com/rust-lang/crates.io-index"
checksum = "50bbb59c47a9cbc081a8ac5ba94873d3058d88cff284c07a8eb7da0df3857d81"

[[package]]
name = "libc"
version = "0.2.189"
source = "registry+https://github.com/rust-lang/crates.io-index"
checksum = "3eaf3ede3fee6db1a4c2ee091bf8a8b4dccdc6d17f656fb07896ee72867612f2"

[[package]]
name = "lock_api"
version = "0.4.14"
source = "registry+https://github.com/rust-lang/crates.io-index"
checksum = "224399e74b87b5f3557511d98dff8b14089b3dadafcab6bb93eab67d3aace965"
dependencies = [
 "scopeguard",
]

[[package]]
name = "one-shot-mutex"
version = "0.2.1"
source = "registry+https://github.com/rust-lang/crates.io-index"
checksum = "cbb10614a03e671fcbb7f1421656788f9a761aab44563b83b07140c354fa9334"
dependencies = [
 "lock_api",
]

[[package]]
name = "r-efi"
version = "6.0.0"
source = "registry+https://github.com/rust-lang/crates.io-index"
checksum = "f8dcc9c7d52a811697d2151c701e0d08956f92b0e24136cf4cf27b57a6a0d9bf"

[[package]]
name = "rand"
version = "0.10.2"
source = "registry+https://github.com/rust-lang/crates.io-index"
checksum = "c7f5fa3a058cd35567ef9bfa5e75732bee0f9e4c55fa90477bef2dfcdbc4be80"
dependencies = [
 "chacha20",
 "getrandom",
 "rand_core",
]

[[package]]
name = "rand_core"
version = "0.10.1"
source = "registry+https://github.com/rust-lang/crates.io-index"
checksum = "63b8176103e19a2643978565ca18b50549f6101881c443590420e4dc998a3c69"

[[package]]
name = "scopeguard"
version = "1.2.0"
source = "registry+https://github.com/rust-lang/crates.io-index"
checksum = "94143f37725109f92c262ed2cf5e59bce7498c01bcc1502d7b9afe439a4e9f49"

[[package]]
name = "spinning_top"
version = "0.3.0"
source = "registry+https://github.com/rust-lang/crates.io-index"
checksum = "d96d2d1d716fb500937168cc09353ffdc7a012be8475ac7308e1bdf0e3923300"
dependencies = [
 "lock_api",
]
